{
  "name": "PMNIS_project",
  "lockfileVersion": 3,
  "requires": true,
  "packages": {
    "": {
      "dependencies": {
        "react-native-multi-slider": "^0.3.6"
      }
    },
    "node_modules/react-native-multi-slider": {
      "version": "0.3.6",
      "resolved": "https://registry.npmjs.org/react-native-multi-slider/-/react-native-multi-slider-0.3.6.tgz",
      "integrity": "sha512-EoTMv2hKjBfJWMRZYp4A0LXg9pBPaMk+rgTXsvBjvI0owFqq8rIrnijO453oLqfbrXD72mBIHLRww0TUMZufdg=="
    }
  }
}
